<?xml version="1.0" encoding="utf-8"?>
<Project ToolsVersion="4.0" xmlns="http://schemas.microsoft.com/developer/msbuild/2003">
  <ItemGroup>
    <Filter Include="Source Files">
      <UniqueIdentifier>{4FC737F1-C7A5-4376-A066-2A32D752A2FF}</UniqueIdentifier>
      <Extensions>cpp;c;cc;cxx;def;odl;idl;hpj;bat;asm;asmx</Extensions>
    </Filter>
    <Filter Include="Header Files">
      <UniqueIdentifier>{93995380-89BD-4b04-88EB-625FBE52EBFB}</UniqueIdentifier>
      <Extensions>h;hpp;hxx;hm;inl;inc;xsd</Extensions>
    </Filter>
    <Filter Include="Resource Files">
      <UniqueIdentifier>{67DA6AB6-F800-4c08-8B7A-83BB121AAD01}</UniqueIdentifier>
      <Extensions>rc;ico;cur;bmp;dlg;rc2;rct;bin;rgs;gif;jpg;jpeg;jpe;resx;tiff;tif;png;wav;mfcribbon-ms</Extensions>
    </Filter>
    <Filter Include="Source Files\Segment Tree">
      <UniqueIdentifier>{852ab26b-f1dc-4f55-a6af-865fc2fcda96}</UniqueIdentifier>
    </Filter>
    <Filter Include="Source Files\Union Find">
      <UniqueIdentifier>{57ceb441-ede3-438a-99aa-da7cf90eea55}</UniqueIdentifier>
    </Filter>
    <Filter Include="Source Files\Stack">
      <UniqueIdentifier>{f9511e7e-7a16-46ac-b994-9b0e2936cdd7}</UniqueIdentifier>
    </Filter>
  </ItemGroup>
  <ItemGroup>
    <ClCompile Include="main.cpp">
      <Filter>Source Files</Filter>
    </ClCompile>
    <ClCompile Include="ipToCIDR.cpp">
      <Filter>Source Files</Filter>
    </ClCompile>
    <ClCompile Include="numSquares.cpp">
      <Filter>Source Files</Filter>
    </ClCompile>
    <ClCompile Include="wordDict.cpp">
      <Filter>Source Files</Filter>
    </ClCompile>
    <ClCompile Include="toHex.cpp">
      <Filter>Source Files</Filter>
    </ClCompile>
    <ClCompile Include="countPrimeSetBits.cpp">
      <Filter>Source Files</Filter>
    </ClCompile>
    <ClCompile Include="hasAlternatingBits.cpp">
      <Filter>Source Files</Filter>
    </ClCompile>
    <ClCompile Include="readBinaryWatch.cpp">
      <Filter>Source Files</Filter>
    </ClCompile>
    <ClCompile Include="repeatedDNASequences.cpp">
      <Filter>Source Files</Filter>
    </ClCompile>
    <ClCompile Include="subsets.cpp">
      <Filter>Source Files</Filter>
    </ClCompile>
    <ClCompile Include="subsetsWithDup.cpp">
      <Filter>Source Files</Filter>
    </ClCompile>
    <ClCompile Include="largestDivisibleSubset.cpp">
      <Filter>Source Files</Filter>
    </ClCompile>
    <ClCompile Include="maxNumber.cpp">
      <Filter>Source Files</Filter>
    </ClCompile>
    <ClCompile Include="problems.cpp">
      <Filter>Source Files</Filter>
    </ClCompile>
    <ClCompile Include="shoppingOffers.cpp">
      <Filter>Source Files</Filter>
    </ClCompile>
    <ClCompile Include="longestValidParentheses.cpp">
      <Filter>Source Files</Filter>
    </ClCompile>
    <ClCompile Include="maximalRectangle.cpp">
      <Filter>Source Files</Filter>
    </ClCompile>
    <ClCompile Include="new21Game.cpp">
      <Filter>Source Files</Filter>
    </ClCompile>
    <ClCompile Include="numSquarefulPerms.cpp">
      <Filter>Source Files</Filter>
    </ClCompile>
    <ClCompile Include="cutOffTrees.cpp">
      <Filter>Source Files</Filter>
    </ClCompile>
    <ClCompile Include="findLadders.cpp">
      <Filter>Source Files</Filter>
    </ClCompile>
    <ClCompile Include="wordSearch.cpp">
      <Filter>Source Files</Filter>
    </ClCompile>
    <ClCompile Include="Trie.cpp">
      <Filter>Source Files</Filter>
    </ClCompile>
    <ClCompile Include="wordSearchII.cpp">
      <Filter>Source Files</Filter>
    </ClCompile>
    <ClCompile Include="wordFilter.cpp">
      <Filter>Source Files</Filter>
    </ClCompile>
    <ClCompile Include="removeInvalidParentheses.cpp">
      <Filter>Source Files</Filter>
    </ClCompile>
    <ClCompile Include="solveSudoku.cpp">
      <Filter>Source Files</Filter>
    </ClCompile>
    <ClCompile Include="solveNQueens.cpp">
      <Filter>Source Files</Filter>
    </ClCompile>
    <ClCompile Include="recoverBST.cpp">
      <Filter>Source Files</Filter>
    </ClCompile>
    <ClCompile Include="findMedianSortedArrays.cpp">
      <Filter>Source Files</Filter>
    </ClCompile>
    <ClCompile Include="isValidBST.cpp">
      <Filter>Source Files</Filter>
    </ClCompile>
    <ClCompile Include="insertIntoBST.cpp">
      <Filter>Source Files</Filter>
    </ClCompile>
    <ClCompile Include="kthSmallest.cpp">
      <Filter>Source Files</Filter>
    </ClCompile>
    <ClCompile Include="findMode.cpp">
      <Filter>Source Files</Filter>
    </ClCompile>
    <ClCompile Include="deleteNode.cpp">
      <Filter>Source Files</Filter>
    </ClCompile>
    <ClCompile Include="minDiffInBST.cpp">
      <Filter>Source Files</Filter>
    </ClCompile>
    <ClCompile Include="countSmaller.cpp">
      <Filter>Source Files</Filter>
    </ClCompile>
    <ClCompile Include="countRangeSum.cpp">
      <Filter>Source Files</Filter>
    </ClCompile>
    <ClCompile Include="reversePairs.cpp">
      <Filter>Source Files</Filter>
    </ClCompile>
    <ClCompile Include="connectNextNode.cpp">
      <Filter>Source Files</Filter>
    </ClCompile>
    <ClCompile Include="maxPathSum.cpp">
      <Filter>Source Files</Filter>
    </ClCompile>
    <ClCompile Include="calendarTwo.cpp">
      <Filter>Source Files</Filter>
    </ClCompile>
    <ClCompile Include="calendarThree.cpp">
      <Filter>Source Files</Filter>
    </ClCompile>
    <ClCompile Include="myCalendarThreeWithTree.cpp">
      <Filter>Source Files\Segment Tree</Filter>
    </ClCompile>
    <ClCompile Include="flattenBinaryTree.cpp">
      <Filter>Source Files</Filter>
    </ClCompile>
    <ClCompile Include="myCalendarThreeWithTree2.cpp">
      <Filter>Source Files\Segment Tree</Filter>
    </ClCompile>
    <ClCompile Include="rectangleAreaII.cpp">
      <Filter>Source Files\Segment Tree</Filter>
    </ClCompile>
    <ClCompile Include="longestCommonPrefix.cpp">
      <Filter>Source Files</Filter>
    </ClCompile>
    <ClCompile Include="numPermsDISequence.cpp">
      <Filter>Source Files</Filter>
    </ClCompile>
    <ClCompile Include="addOperators.cpp">
      <Filter>Source Files</Filter>
    </ClCompile>
    <ClCompile Include="smallestRange.cpp">
      <Filter>Source Files</Filter>
    </ClCompile>
    <ClCompile Include="minWindow.cpp">
      <Filter>Source Files</Filter>
    </ClCompile>
    <ClCompile Include="substringConcatenation.cpp">
      <Filter>Source Files</Filter>
    </ClCompile>
    <ClCompile Include="pushDominoes.cpp">
      <Filter>Source Files</Filter>
    </ClCompile>
    <ClCompile Include="calcEquation.cpp">
      <Filter>Source Files\Union Find</Filter>
    </ClCompile>
    <ClCompile Include="surroundedRegions.cpp">
      <Filter>Source Files\Union Find</Filter>
    </ClCompile>
    <ClCompile Include="isEscapable.cpp">
      <Filter>Source Files</Filter>
    </ClCompile>
    <ClCompile Include="shipWithinDays.cpp">
      <Filter>Source Files</Filter>
    </ClCompile>
    <ClCompile Include="duplicateDigits.cpp">
      <Filter>Source Files</Filter>
    </ClCompile>
    <ClCompile Include="calcThreePartsEqualSum.cpp">
      <Filter>Source Files</Filter>
    </ClCompile>
    <ClCompile Include="smallestRepunitDivByK.cpp">
      <Filter>Source Files</Filter>
    </ClCompile>
    <ClCompile Include="maxScoreSightseeingPair.cpp">
      <Filter>Source Files</Filter>
    </ClCompile>
    <ClCompile Include="queryNumAsSubstring.cpp">
      <Filter>Source Files</Filter>
    </ClCompile>
    <ClCompile Include="nextLargerNode.cpp">
      <Filter>Source Files\Stack</Filter>
    </ClCompile>
  </ItemGroup>
  <ItemGroup>
    <ClInclude Include="utils.h">
      <Filter>Header Files</Filter>
    </ClInclude>
    <ClInclude Include="Trie.h">
      <Filter>Header Files</Filter>
    </ClInclude>
    <ClInclude Include="SegmentTree.h">
      <Filter>Header Files</Filter>
    </ClInclude>
  </ItemGroup>
</Project>